// !$*UTF8*$!
{
	archiveVersion = 1;
	classes = {
	};
	objectVersion = 55;
	objects = {

/* Begin PBXBuildFile section */
		119E7068286B979500325E5B /* AppDelegate.swift in Sources */ = {isa = PBXBuildFile; fileRef = 119E7067286B979500325E5B /* AppDelegate.swift */; };
		119E706A286B979500325E5B /* SceneDelegate.swift in Sources */ = {isa = PBXBuildFile; fileRef = 119E7069286B979500325E5B /* SceneDelegate.swift */; };
		119E706F286B979500325E5B /* Search.storyboard in Resources */ = {isa = PBXBuildFile; fileRef = 119E706D286B979500325E5B /* Search.storyboard */; };
		119E7071286B979700325E5B /* Assets.xcassets in Resources */ = {isa = PBXBuildFile; fileRef = 119E7070286B979700325E5B /* Assets.xcassets */; };
		119E7074286B979700325E5B /* LaunchScreen.storyboard in Resources */ = {isa = PBXBuildFile; fileRef = 119E7072286B979700325E5B /* LaunchScreen.storyboard */; };
		119E707D286B9C3700325E5B /* SearchCollectionViewController.swift in Sources */ = {isa = PBXBuildFile; fileRef = 119E707C286B9C3700325E5B /* SearchCollectionViewController.swift */; };
		119E7080286BA1B200325E5B /* ImageAPI.swift in Sources */ = {isa = PBXBuildFile; fileRef = 119E707F286BA1B200325E5B /* ImageAPI.swift */; };
		11E4F4542885E1E20007F1F9 /* SearchCollectionViewModel.swift in Sources */ = {isa = PBXBuildFile; fileRef = 11E4F4532885E1E20007F1F9 /* SearchCollectionViewModel.swift */; };
		11E4F4562885E2440007F1F9 /* DiscoverMoviesAPI.swift in Sources */ = {isa = PBXBuildFile; fileRef = 11E4F4552885E2440007F1F9 /* DiscoverMoviesAPI.swift */; };
		11E4F4582885E2DA0007F1F9 /* Keys.swift in Sources */ = {isa = PBXBuildFile; fileRef = 11E4F4572885E2DA0007F1F9 /* Keys.swift */; };
		11E4F45A2885E8660007F1F9 /* DiscoveryMovie.swift in Sources */ = {isa = PBXBuildFile; fileRef = 11E4F4592885E8660007F1F9 /* DiscoveryMovie.swift */; };
/* End PBXBuildFile section */

/* Begin PBXFileReference section */
		119E7064286B979500325E5B /* AsyncAwaitExample.app */ = {isa = PBXFileReference; explicitFileType = wrapper.application; includeInIndex = 0; path = AsyncAwaitExample.app; sourceTree = BUILT_PRODUCTS_DIR; };
		119E7067286B979500325E5B /* AppDelegate.swift */ = {isa = PBXFileReference; lastKnownFileType = sourcecode.swift; path = AppDelegate.swift; sourceTree = "<group>"; };
		119E7069286B979500325E5B /* SceneDelegate.swift */ = {isa = PBXFileReference; lastKnownFileType = sourcecode.swift; path = SceneDelegate.swift; sourceTree = "<group>"; };
		119E706E286B979500325E5B /* Base */ = {isa = PBXFileReference; lastKnownFileType = file.storyboard; name = Base; path = Base.lproj/Search.storyboard; sourceTree = "<group>"; };
		119E7070286B979700325E5B /* Assets.xcassets */ = {isa = PBXFileReference; lastKnownFileType = folder.assetcatalog; path = Assets.xcassets; sourceTree = "<group>"; };
		119E7073286B979700325E5B /* Base */ = {isa = PBXFileReference; lastKnownFileType = file.storyboard; name = Base; path = Base.lproj/LaunchScreen.storyboard; sourceTree = "<group>"; };
		119E7075286B979700325E5B /* Info.plist */ = {isa = PBXFileReference; lastKnownFileType = text.plist.xml; path = Info.plist; sourceTree = "<group>"; };
		119E707C286B9C3700325E5B /* SearchCollectionViewController.swift */ = {isa = PBXFileReference; lastKnownFileType = sourcecode.swift; path = SearchCollectionViewController.swift; sourceTree = "<group>"; };
		119E707F286BA1B200325E5B /* ImageAPI.swift */ = {isa = PBXFileReference; lastKnownFileType = sourcecode.swift; path = ImageAPI.swift; sourceTree = "<group>"; };
		11E4F4532885E1E20007F1F9 /* SearchCollectionViewModel.swift */ = {isa = PBXFileReference; lastKnownFileType = sourcecode.swift; path = SearchCollectionViewModel.swift; sourceTree = "<group>"; };
		11E4F4552885E2440007F1F9 /* DiscoverMoviesAPI.swift */ = {isa = PBXFileReference; lastKnownFileType = sourcecode.swift; path = DiscoverMoviesAPI.swift; sourceTree = "<group>"; };
		11E4F4572885E2DA0007F1F9 /* Keys.swift */ = {isa = PBXFileReference; lastKnownFileType = sourcecode.swift; path = Keys.swift; sourceTree = "<group>"; };
		11E4F4592885E8660007F1F9 /* DiscoveryMovie.swift */ = {isa = PBXFileReference; lastKnownFileType = sourcecode.swift; path = DiscoveryMovie.swift; sourceTree = "<group>"; };
/* End PBXFileReference section */

/* Begin PBXFrameworksBuildPhase section */
		119E7061286B979500325E5B /* Frameworks */ = {
			isa = PBXFrameworksBuildPhase;
			buildActionMask = 2147483647;
			files = (
			);
			runOnlyForDeploymentPostprocessing = 0;
		};
/* End PBXFrameworksBuildPhase section */

/* Begin PBXGroup section */
		119E705B286B979500325E5B = {
			isa = PBXGroup;
			children = (
				119E7066286B979500325E5B /* AsyncAwaitExample */,
				119E7065286B979500325E5B /* Products */,
			);
			sourceTree = "<group>";
		};
		119E7065286B979500325E5B /* Products */ = {
			isa = PBXGroup;
			children = (
				119E7064286B979500325E5B /* AsyncAwaitExample.app */,
			);
			name = Products;
			sourceTree = "<group>";
		};
		119E7066286B979500325E5B /* AsyncAwaitExample */ = {
			isa = PBXGroup;
			children = (
				119E707E286BA17900325E5B /* SharedAPI */,
				119E707B286B9B6C00325E5B /* Search */,
				119E7067286B979500325E5B /* AppDelegate.swift */,
				119E7069286B979500325E5B /* SceneDelegate.swift */,
				119E7070286B979700325E5B /* Assets.xcassets */,
				119E7072286B979700325E5B /* LaunchScreen.storyboard */,
				119E7075286B979700325E5B /* Info.plist */,
				11E4F4572885E2DA0007F1F9 /* Keys.swift */,
			);
			path = AsyncAwaitExample;
			sourceTree = "<group>";
		};
		119E707B286B9B6C00325E5B /* Search */ = {
			isa = PBXGroup;
			children = (
				119E706D286B979500325E5B /* Search.storyboard */,
				119E707C286B9C3700325E5B /* SearchCollectionViewController.swift */,
				11E4F4532885E1E20007F1F9 /* SearchCollectionViewModel.swift */,
			);
			path = Search;
			sourceTree = "<group>";
		};
		119E707E286BA17900325E5B /* SharedAPI */ = {
			isa = PBXGroup;
			children = (
				11E4F45B2885EC1B0007F1F9 /* Models */,
				119E707F286BA1B200325E5B /* ImageAPI.swift */,
				11E4F4552885E2440007F1F9 /* DiscoverMoviesAPI.swift */,
			);
			path = SharedAPI;
			sourceTree = "<group>";
		};
		11E4F45B2885EC1B0007F1F9 /* Models */ = {
			isa = PBXGroup;
			children = (
				11E4F4592885E8660007F1F9 /* DiscoveryMovie.swift */,
			);
			path = Models;
			sourceTree = "<group>";
		};
/* End PBXGroup section */

/* Begin PBXNativeTarget section */
		119E7063286B979500325E5B /* AsyncAwaitExample */ = {
			isa = PBXNativeTarget;
			buildConfigurationList = 119E7078286B979700325E5B /* Build configuration list for PBXNativeTarget "AsyncAwaitExample" */;
			buildPhases = (
				119E7060286B979500325E5B /* Sources */,
				119E7061286B979500325E5B /* Frameworks */,
				119E7062286B979500325E5B /* Resources */,
			);
			buildRules = (
			);
			dependencies = (
			);
			name = AsyncAwaitExample;
			productName = AsyncAwaitExample;
			productReference = 119E7064286B979500325E5B /* AsyncAwaitExample.app */;
			productType = "com.apple.product-type.application";
		};
/* End PBXNativeTarget section */

/* Begin PBXProject section */
		119E705C286B979500325E5B /* Project object */ = {
			isa = PBXProject;
			attributes = {
				BuildIndependentTargetsInParallel = 1;
				LastSwiftUpdateCheck = 1340;
				LastUpgradeCheck = 1340;
				TargetAttributes = {
					119E7063286B979500325E5B = {
						CreatedOnToolsVersion = 13.4.1;
					};
				};
			};
			buildConfigurationList = 119E705F286B979500325E5B /* Build configuration list for PBXProject "AsyncAwaitExample" */;
			compatibilityVersion = "Xcode 13.0";
			developmentRegion = en;
			hasScannedForEncodings = 0;
			knownRegions = (
				en,
				Base,
			);
			mainGroup = 119E705B286B979500325E5B;
			productRefGroup = 119E7065286B979500325E5B /* Products */;
			projectDirPath = "";
			projectRoot = "";
			targets = (
				119E7063286B979500325E5B /* AsyncAwaitExample */,
			);
		};
/* End PBXProject section */

/* Begin PBXResourcesBuildPhase section */
		119E7062286B979500325E5B /* Resources */ = {
			isa = PBXResourcesBuildPhase;
			buildActionMask = 2147483647;
			files = (
				119E7074286B979700325E5B /* LaunchScreen.storyboard in Resources */,
				119E7071286B979700325E5B /* Assets.xcassets in Resources */,
				119E706F286B979500325E5B /* Search.storyboard in Resources */,
			);
			runOnlyForDeploymentPostprocessing = 0;
		};
/* End PBXResourcesBuildPhase section */

/* Begin PBXSourcesBuildPhase section */
		119E7060286B979500325E5B /* Sources */ = {
			isa = PBXSourcesBuildPhase;
			buildActionMask = 2147483647;
			files = (
				119E7068286B979500325E5B /* AppDelegate.swift in Sources */,
				11E4F4542885E1E20007F1F9 /* SearchCollectionViewModel.swift in Sources */,
				11E4F4582885E2DA0007F1F9 /* Keys.swift in Sources */,
				119E707D286B9C3700325E5B /* SearchCollectionViewController.swift in Sources */,
				119E7080286BA1B200325E5B /* ImageAPI.swift in Sources */,
				119E706A286B979500325E5B /* SceneDelegate.swift in Sources */,
				11E4F4562885E2440007F1F9 /* DiscoverMoviesAPI.swift in Sources */,
				11E4F45A2885E8660007F1F9 /* DiscoveryMovie.swift in Sources */,
			);
			runOnlyForDeploymentPostprocessing = 0;
		};
/* End PBXSourcesBuildPhase section */

/* Begin PBXVariantGroup section */
		119E706D286B979500325E5B /* Search.storyboard */ = {
			isa = PBXVariantGroup;
			children = (
				119E706E286B979500325E5B /* Base */,
			);
			name = Search.storyboard;
			sourceTree = "<group>";
		};
		119E7072286B979700325E5B /* LaunchScreen.storyboard */ = {
			isa = PBXVariantGroup;
			children = (
				119E7073286B979700325E5B /* Base */,
			);
			name = LaunchScreen.storyboard;
			sourceTree = "<group>";
		};
/* End PBXVariantGroup section */

/* Begin XCBuildConfiguration section */
		119E7076286B979700325E5B /* Debug */ = {
			isa = XCBuildConfiguration;
			buildSettings = {
				ALWAYS_SEARCH_USER_PATHS = NO;
				CLANG_ANALYZER_NONNULL = YES;
				CLANG_ANALYZER_NUMBER_OBJECT_CONVERSION = YES_AGGRESSIVE;
				CLANG_CXX_LANGUAGE_STANDARD = "gnu++17";
				CLANG_ENABLE_MODULES = YES;
				CLANG_ENABLE_OBJC_ARC = YES;
				CLANG_ENABLE_OBJC_WEAK = YES;
				CLANG_WARN_BLOCK_CAPTURE_AUTORELEASING = YES;
				CLANG_WARN_BOOL_CONVERSION = YES;
				CLANG_WARN_COMMA = YES;
				CLANG_WARN_CONSTANT_CONVERSION = YES;
				CLANG_WARN_DEPRECATED_OBJC_IMPLEMENTATIONS = YES;
				CLANG_WARN_DIRECT_OBJC_ISA_USAGE = YES_ERROR;
				CLANG_WARN_DOCUMENTATION_COMMENTS = YES;
				CLANG_WARN_EMPTY_BODY = YES;
				CLANG_WARN_ENUM_CONVERSION = YES;
				CLANG_WARN_INFINITE_RECURSION = YES;
				CLANG_WARN_INT_CONVERSION = YES;
				CLANG_WARN_NON_LITERAL_NULL_CONVERSION = YES;
				CLANG_WARN_OBJC_IMPLICIT_RETAIN_SELF = YES;
				CLANG_WARN_OBJC_LITERAL_CONVERSION = YES;
				CLANG_WARN_OBJC_ROOT_CLASS = YES_ERROR;
				CLANG_WARN_QUOTED_INCLUDE_IN_FRAMEWORK_HEADER = YES;
				CLANG_WARN_RANGE_LOOP_ANALYSIS = YES;
				CLANG_WARN_STRICT_PROTOTYPES = YES;
				CLANG_WARN_SUSPICIOUS_MOVE = YES;
				CLANG_WARN_UNGUARDED_AVAILABILITY = YES_AGGRESSIVE;
				CLANG_WARN_UNREACHABLE_CODE = YES;
				CLANG_WARN__DUPLICATE_METHOD_MATCH = YES;
				COPY_PHASE_STRIP = NO;
				DEBUG_INFORMATION_FORMAT = dwarf;
				ENABLE_STRICT_OBJC_MSGSEND = YES;
				ENABLE_TESTABILITY = YES;
				GCC_C_LANGUAGE_STANDARD = gnu11;
				GCC_DYNAMIC_NO_PIC = NO;
				GCC_NO_COMMON_BLOCKS = YES;
				GCC_OPTIMIZATION_LEVEL = 0;
				GCC_PREPROCESSOR_DEFINITIONS = (
					"DEBUG=1",
					"$(inherited)",
				);
				GCC_WARN_64_TO_32_BIT_CONVERSION = YES;
				GCC_WARN_ABOUT_RETURN_TYPE = YES_ERROR;
				GCC_WARN_UNDECLARED_SELECTOR = YES;
				GCC_WARN_UNINITIALIZED_AUTOS = YES_AGGRESSIVE;
				GCC_WARN_UNUSED_FUNCTION = YES;
				GCC_WARN_UNUSED_VARIABLE = YES;
				IPHONEOS_DEPLOYMENT_TARGET = 15.5;
				MTL_ENABLE_DEBUG_INFO = INCLUDE_SOURCE;
				MTL_FAST_MATH = YES;
				ONLY_ACTIVE_ARCH = YES;
				SDKROOT = iphoneos;
				SWIFT_ACTIVE_COMPILATION_CONDITIONS = DEBUG;
				SWIFT_OPTIMIZATION_LEVEL = "-Onone";
			};
			name = Debug;
		};
		119E7077286B979700325E5B /* Release */ = {
			isa = XCBuildConfiguration;
			buildSettings = {
				ALWAYS_SEARCH_USER_PATHS = NO;
				CLANG_ANALYZER_NONNULL = YES;
				CLANG_ANALYZER_NUMBER_OBJECT_CONVERSION = YES_AGGRESSIVE;
				CLANG_CXX_LANGUAGE_STANDARD = "gnu++17";
				CLANG_ENABLE_MODULES = YES;
				CLANG_ENABLE_OBJC_ARC = YES;
				CLANG_ENABLE_OBJC_WEAK = YES;
				CLANG_WARN_BLOCK_CAPTURE_AUTORELEASING = YES;
				CLANG_WARN_BOOL_CONVERSION = YES;
				CLANG_WARN_COMMA = YES;
				CLANG_WARN_CONSTANT_CONVERSION = YES;
				CLANG_WARN_DEPRECATED_OBJC_IMPLEMENTATIONS = YES;
				CLANG_WARN_DIRECT_OBJC_ISA_USAGE = YES_ERROR;
				CLANG_WARN_DOCUMENTATION_COMMENTS = YES;
				CLANG_WARN_EMPTY_BODY = YES;
				CLANG_WARN_ENUM_CONVERSION = YES;
				CLANG_WARN_INFINITE_RECURSION = YES;
				CLANG_WARN_INT_CONVERSION = YES;
				CLANG_WARN_NON_LITERAL_NULL_CONVERSION = YES;
				CLANG_WARN_OBJC_IMPLICIT_RETAIN_SELF = YES;
				CLANG_WARN_OBJC_LITERAL_CONVERSION = YES;
				CLANG_WARN_OBJC_ROOT_CLASS = YES_ERROR;
				CLANG_WARN_QUOTED_INCLUDE_IN_FRAMEWORK_HEADER = YES;
				CLANG_WARN_RANGE_LOOP_ANALYSIS = YES;
				CLANG_WARN_STRICT_PROTOTYPES = YES;
				CLANG_WARN_SUSPICIOUS_MOVE = YES;
				CLANG_WARN_UNGUARDED_AVAILABILITY = YES_AGGRESSIVE;
				CLANG_WARN_UNREACHABLE_CODE = YES;
				CLANG_WARN__DUPLICATE_METHOD_MATCH = YES;
				COPY_PHASE_STRIP = NO;
				DEBUG_INFORMATION_FORMAT = "dwarf-with-dsym";
				ENABLE_NS_ASSERTIONS = NO;
				ENABLE_STRICT_OBJC_MSGSEND = YES;
				GCC_C_LANGUAGE_STANDARD = gnu11;
				GCC_NO_COMMON_BLOCKS = YES;
				GCC_WARN_64_TO_32_BIT_CONVERSION = YES;
				GCC_WARN_ABOUT_RETURN_TYPE = YES_ERROR;
				GCC_WARN_UNDECLARED_SELECTOR = YES;
				GCC_WARN_UNINITIALIZED_AUTOS = YES_AGGRESSIVE;
				GCC_WARN_UNUSED_FUNCTION = YES;
				GCC_WARN_UNUSED_VARIABLE = YES;
				IPHONEOS_DEPLOYMENT_TARGET = 15.5;
				MTL_ENABLE_DEBUG_INFO = NO;
				MTL_FAST_MATH = YES;
				SDKROOT = iphoneos;
				SWIFT_COMPILATION_MODE = wholemodule;
				SWIFT_OPTIMIZATION_LEVEL = "-O";
				VALIDATE_PRODUCT = YES;
			};
			name = Release;
		};
		119E7079286B979700325E5B /* Debug */ = {
			isa = XCBuildConfiguration;
			buildSettings = {
				ASSETCATALOG_COMPILER_APPICON_NAME = AppIcon;
				ASSETCATALOG_COMPILER_GLOBAL_ACCENT_COLOR_NAME = AccentColor;
				CODE_SIGN_STYLE = Automatic;
				CURRENT_PROJECT_VERSION = 1;
				DEVELOPMENT_TEAM = 59FZQ9GQFR;
				GENERATE_INFOPLIST_FILE = YES;
				INFOPLIST_FILE = AsyncAwaitExample/Info.plist;
				INFOPLIST_KEY_UIApplicationSupportsIndirectInputEvents = YES;
				INFOPLIST_KEY_UILaunchStoryboardName = LaunchScreen;
				INFOPLIST_KEY_UIMainStoryboardFile = Search;
				INFOPLIST_KEY_UISupportedInterfaceOrientations_iPad = "UIInterfaceOrientationPortrait UIInterfaceOrientationPortraitUpsideDown UIInterfaceOrientationLandscapeLeft UIInterfaceOrientationLandscapeRight";
				INFOPLIST_KEY_UISupportedInterfaceOrientations_iPhone = "UIInterfaceOrientationPortrait UIInterfaceOrientationLandscapeLeft UIInterfaceOrientationLandscapeRight";
				LD_RUNPATH_SEARCH_PATHS = (
					"$(inherited)",
					"@executable_path/Frameworks",
				);
				MARKETING_VERSION = 1.0;
				PRODUCT_BUNDLE_IDENTIFIER = yourfuzzy.AsyncAwaitExample;
				PRODUCT_NAME = "$(TARGET_NAME)";
				SWIFT_EMIT_LOC_STRINGS = YES;
				SWIFT_VERSION = 5.0;
				TARGETED_DEVICE_FAMILY = "1,2";
			};
			name = Debug;
		};
		119E707A286B979700325E5B /* Release */ = {
			isa = XCBuildConfiguration;
			buildSettings = {
				ASSETCATALOG_COMPILER_APPICON_NAME = AppIcon;
				ASSETCATALOG_COMPILER_GLOBAL_ACCENT_COLOR_NAME = AccentColor;
				CODE_SIGN_STYLE = Automatic;
				CURRENT_PROJECT_VERSION = 1;
				DEVELOPMENT_TEAM = 59FZQ9GQFR;
				GENERATE_INFOPLIST_FILE = YES;
				INFOPLIST_FILE = AsyncAwaitExample/Info.plist;
				INFOPLIST_KEY_UIApplicationSupportsIndirectInputEvents = YES;
				INFOPLIST_KEY_UILaunchStoryboardName = LaunchScreen;
				INFOPLIST_KEY_UIMainStoryboardFile = Search;
				INFOPLIST_KEY_UISupportedInterfaceOrientations_iPad = "UIInterfaceOrientationPortrait UIInterfaceOrientationPortraitUpsideDown UIInterfaceOrientationLandscapeLeft UIInterfaceOrientationLandscapeRight";
				INFOPLIST_KEY_UISupportedInterfaceOrientations_iPhone = "UIInterfaceOrientationPortrait UIInterfaceOrientationLandscapeLeft UIInterfaceOrientationLandscapeRight";
				LD_RUNPATH_SEARCH_PATHS = (
					"$(inherited)",
					"@executable_path/Frameworks",
				);
				MARKETING_VERSION = 1.0;
				PRODUCT_BUNDLE_IDENTIFIER = yourfuzzy.AsyncAwaitExample;
				PRODUCT_NAME = "$(TARGET_NAME)";
				SWIFT_EMIT_LOC_STRINGS = YES;
				SWIFT_VERSION = 5.0;
				TARGETED_DEVICE_FAMILY = "1,2";
			};
			name = Release;
		};
/* End XCBuildConfiguration section */

/* Begin XCConfigurationList section */
		119E705F286B979500325E5B /* Build configuration list for PBXProject "AsyncAwaitExample" */ = {
			isa = XCConfigurationList;
			buildConfigurations = (
				119E7076286B979700325E5B /* Debug */,
				119E7077286B979700325E5B /* Release */,
			);
			defaultConfigurationIsVisible = 0;
			defaultConfigurationName = Release;
		};
		119E7078286B979700325E5B /* Build configuration list for PBXNativeTarget "AsyncAwaitExample" */ = {
			isa = XCConfigurationList;
			buildConfigurations = (
				119E7079286B979700325E5B /* Debug */,
				119E707A286B979700325E5B /* Release */,
			);
			defaultConfigurationIsVisible = 0;
			defaultConfigurationName = Release;
		};
/* End XCConfigurationList section */
	};
	rootObject = 119E705C286B979500325E5B /* Project object */;
}
